{
  "name": "fft-nodejs",
  "version": "1.0.0",
  "lockfileVersion": 1,
  "requires": true,
  "dependencies": {
    "audio-oscillator": {
      "version": "3.1.1",
      "resolved": "https://registry.npmjs.org/audio-oscillator/-/audio-oscillator-3.1.1.tgz",
      "integrity": "sha512-mDdDzXyGf2FCcVjVpk4BxifpQcMK7VpDNt7nwtuP9fBocbd6dL8ZXW0/QcHSHkZPR+k158fufacdwA9XeyHOsQ==",
      "requires": {
        "periodic-function": "^1.1.4"
      }
    },
    "bit-twiddle": {
      "version": "1.0.2",
      "resolved": "https://registry.npmjs.org/bit-twiddle/-/bit-twiddle-1.0.2.tgz",
      "integrity": "sha1-DGwfq+KyPRcXPZpht7cJPrnhdp4="
    },
    "commander": {
      "version": "2.7.1",
      "resolved": "https://registry.npmjs.org/commander/-/commander-2.7.1.tgz",
      "integrity": "sha1-XUGaK77Swy7j5Nypu0Wrg+zDBlo=",
      "requires": {
        "graceful-readlink": ">= 1.0.0"
      }
    },
    "fft-js": {
      "version": "0.0.12",
      "resolved": "https://registry.npmjs.org/fft-js/-/fft-js-0.0.12.tgz",
      "integrity": "sha512-nLOa0/SYYnN2NPcLrI81UNSPxyg3q0sGiltfe9G1okg0nxs5CqAwtmaqPQdGcOryeGURaCoQx8Y4AUkhGTh7IQ==",
      "requires": {
        "bit-twiddle": "~1.0.2",
        "commander": "~2.7.1"
      }
    },
    "graceful-readlink": {
      "version": "1.0.1",
      "resolved": "https://registry.npmjs.org/graceful-readlink/-/graceful-readlink-1.0.1.tgz",
      "integrity": "sha1-TK+tdrxi8C+gObL5Tpo906ORpyU="
    },
    "periodic-function": {
      "version": "1.1.4",
      "resolved": "https://registry.npmjs.org/periodic-function/-/periodic-function-1.1.4.tgz",
      "integrity": "sha1-U7qwTs09KsdnrKh5jS5LvSuLlDM="
    }
  }
}
